dependencies:
- name: common
  repository: https://bjw-s-labs.github.io/helm-charts
  version: 1.4.0
- name: postgresql
  repository: https://charts.bitnami.com/bitnami
  version: 16.0.0
- name: redis
  repository: https://charts.bitnami.com/bitnami
  version: 20.13.4
digest: sha256:17b8f5d7fc72bf53e8106eb379d500c37b5b6143ccaa51bbb6151e84c62623ee
generated: "2025-08-16T10:50:54.539423901Z"
